
Microsoft Visual Studio Solution File, Format Version 12.00
# Visual Studio 15
VisualStudioVersion = 15.0.27428.2002
MinimumVisualStudioVersion = 10.0.40219.1
Project("{FAE04EC0-301F-11D3-BF4B-00C04F79EFBC}") = "PVHDemo", "PVHDemo\PVHDemo.csproj", "{2B5CC735-1E5F-4227-A669-50211DD61E68}"
EndProject
Global
	GlobalSection(SolutionConfigurationPlatforms) = preSolution
		Debug|Any CPU = Debug|Any CPU
		Release|Any CPU = Release|Any CPU
	EndGlobalSection
	GlobalSection(ProjectConfigurationPlatforms) = postSolution
		{2B5CC735-1E5F-4227-A669-50211DD61E68}.Debug|Any CPU.ActiveCfg = Debug|Any CPU
		{2B5CC735-1E5F-4227-A669-50211DD61E68}.Debug|Any CPU.Build.0 = Debug|Any CPU
		{2B5CC735-1E5F-4227-A669-50211DD61E68}.Release|Any CPU.ActiveCfg = Release|Any CPU
		{2B5CC735-1E5F-4227-A669-50211DD61E68}.Release|Any CPU.Build.0 = Release|Any CPU
	EndGlobalSection
	GlobalSection(SolutionProperties) = preSolution
		HideSolutionNode = FALSE
	EndGlobalSection
	GlobalSection(ExtensibilityGlobals) = postSolution
		SolutionGuid = {DF8F0EFE-3819-4E9E-94ED-B52B3EFF98F4}
	EndGlobalSection
EndGlobal
